
Microsoft Visual Studio Solution File, Format Version 12.00
# Visual Studio 14
VisualStudioVersion = 14.0.23107.0
MinimumVisualStudioVersion = 10.0.40219.1
Project("{FAE04EC0-301F-11D3-BF4B-00C04F79EFBC}") = "MyFamilyConnect", "MyFamilyConnect\MyFamilyConnect.csproj", "{CCB8EDD4-D17A-42DC-83F2-5A4E3BDECAEC}"
EndProject
Project("{FAE04EC0-301F-11D3-BF4B-00C04F79EFBC}") = "MyFamilyConnect.Tests", "MyFamilyConnect.Tests\MyFamilyConnect.Tests.csproj", "{3853BBBE-7721-4442-ABA7-ABAF9CB4EC9D}"
EndProject
Global
	GlobalSection(SolutionConfigurationPlatforms) = preSolution
		Debug|Any CPU = Debug|Any CPU
		Release|Any CPU = Release|Any CPU
	EndGlobalSection
	GlobalSection(ProjectConfigurationPlatforms) = postSolution
		{CCB8EDD4-D17A-42DC-83F2-5A4E3BDECAEC}.Debug|Any CPU.ActiveCfg = Debug|Any CPU
		{CCB8EDD4-D17A-42DC-83F2-5A4E3BDECAEC}.Debug|Any CPU.Build.0 = Debug|Any CPU
		{CCB8EDD4-D17A-42DC-83F2-5A4E3BDECAEC}.Release|Any CPU.ActiveCfg = Release|Any CPU
		{CCB8EDD4-D17A-42DC-83F2-5A4E3BDECAEC}.Release|Any CPU.Build.0 = Release|Any CPU
		{3853BBBE-7721-4442-ABA7-ABAF9CB4EC9D}.Debug|Any CPU.ActiveCfg = Debug|Any CPU
		{3853BBBE-7721-4442-ABA7-ABAF9CB4EC9D}.Debug|Any CPU.Build.0 = Debug|Any CPU
		{3853BBBE-7721-4442-ABA7-ABAF9CB4EC9D}.Release|Any CPU.ActiveCfg = Release|Any CPU
		{3853BBBE-7721-4442-ABA7-ABAF9CB4EC9D}.Release|Any CPU.Build.0 = Release|Any CPU
	EndGlobalSection
	GlobalSection(SolutionProperties) = preSolution
		HideSolutionNode = FALSE
	EndGlobalSection
EndGlobal
